
Microsoft Visual Studio Solution File, Format Version 12.00
# Visual Studio Version 17
VisualStudioVersion = 17.6.33723.286
MinimumVisualStudioVersion = 10.0.40219.1
Project("{FAE04EC0-301F-11D3-BF4B-00C04F79EFBC}") = "ControlZCleaner", "ControlZCleaner\ControlZCleaner.csproj", "{F3B272A9-652D-402E-938B-DBCCBF01E0D5}"
EndProject
Global
	GlobalSection(SolutionConfigurationPlatforms) = preSolution
		Debug|Any CPU = Debug|Any CPU
		Release|Any CPU = Release|Any CPU
	EndGlobalSection
	GlobalSection(ProjectConfigurationPlatforms) = postSolution
		{F3B272A9-652D-402E-938B-DBCCBF01E0D5}.Debug|Any CPU.ActiveCfg = Debug|Any CPU
		{F3B272A9-652D-402E-938B-DBCCBF01E0D5}.Debug|Any CPU.Build.0 = Debug|Any CPU
		{F3B272A9-652D-402E-938B-DBCCBF01E0D5}.Release|Any CPU.ActiveCfg = Release|Any CPU
		{F3B272A9-652D-402E-938B-DBCCBF01E0D5}.Release|Any CPU.Build.0 = Release|Any CPU
	EndGlobalSection
	GlobalSection(SolutionProperties) = preSolution
		HideSolutionNode = FALSE
	EndGlobalSection
	GlobalSection(ExtensibilityGlobals) = postSolution
		SolutionGuid = {CD22E1B5-39D9-451E-8B4E-FB6A1B27CDF3}
	EndGlobalSection
EndGlobal
